
Microsoft Visual Studio Solution File, Format Version 12.00
# Visual Studio Version 17
VisualStudioVersion = 17.10.35013.160
MinimumVisualStudioVersion = 10.0.40219.1
Project("{FAE04EC0-301F-11D3-BF4B-00C04F79EFBC}") = "WebApiSolution", "WebApiSolution.csproj", "{DA583BB4-87E7-43AA-B7D7-1A2EADF9E2E9}"
EndProject
Global
	GlobalSection(SolutionConfigurationPlatforms) = preSolution
		Debug|Any CPU = Debug|Any CPU
		Release|Any CPU = Release|Any CPU
	EndGlobalSection
	GlobalSection(ProjectConfigurationPlatforms) = postSolution
		{DA583BB4-87E7-43AA-B7D7-1A2EADF9E2E9}.Debug|Any CPU.ActiveCfg = Debug|Any CPU
		{DA583BB4-87E7-43AA-B7D7-1A2EADF9E2E9}.Debug|Any CPU.Build.0 = Debug|Any CPU
		{DA583BB4-87E7-43AA-B7D7-1A2EADF9E2E9}.Release|Any CPU.ActiveCfg = Release|Any CPU
		{DA583BB4-87E7-43AA-B7D7-1A2EADF9E2E9}.Release|Any CPU.Build.0 = Release|Any CPU
	EndGlobalSection
	GlobalSection(SolutionProperties) = preSolution
		HideSolutionNode = FALSE
	EndGlobalSection
	GlobalSection(ExtensibilityGlobals) = postSolution
		SolutionGuid = {FEB571E4-1D3C-4F87-BDE8-B68837A38811}
	EndGlobalSection
EndGlobal
